
Microsoft Visual Studio Solution File, Format Version 12.00
# Visual Studio Version 17
VisualStudioVersion = 17.10.35122.118
MinimumVisualStudioVersion = 10.0.40219.1
Project("{C9674DCB-5085-4A16-B785-4C70DD1589BD}") = "Data Conversion in SSIS", "Data Conversion in SSIS\Data Conversion in SSIS.dtproj", "{0A73BA68-7CE4-4531-82E2-6B6514BF1C2C}"
EndProject
Global
	GlobalSection(SolutionConfigurationPlatforms) = preSolution
		Development|Default = Development|Default
	EndGlobalSection
	GlobalSection(ProjectConfigurationPlatforms) = postSolution
		{0A73BA68-7CE4-4531-82E2-6B6514BF1C2C}.Development|Default.ActiveCfg = Development
		{0A73BA68-7CE4-4531-82E2-6B6514BF1C2C}.Development|Default.Build.0 = Development
	EndGlobalSection
	GlobalSection(SolutionProperties) = preSolution
		HideSolutionNode = FALSE
	EndGlobalSection
	GlobalSection(ExtensibilityGlobals) = postSolution
		SolutionGuid = {460E5047-C50D-4564-9BAD-6A7E3595A1A5}
	EndGlobalSection
EndGlobal
