
Microsoft Visual Studio Solution File, Format Version 12.00
# Visual Studio Version 17
VisualStudioVersion = 17.10.35122.118
MinimumVisualStudioVersion = 10.0.40219.1
Project("{C9674DCB-5085-4A16-B785-4C70DD1589BD}") = "Union All Transformation in SSIS", "Union All Transformation in SSIS\Union All Transformation in SSIS.dtproj", "{3427A93F-B74F-43B3-B905-A8F67A873304}"
EndProject
Global
	GlobalSection(SolutionConfigurationPlatforms) = preSolution
		Development|Default = Development|Default
	EndGlobalSection
	GlobalSection(ProjectConfigurationPlatforms) = postSolution
		{3427A93F-B74F-43B3-B905-A8F67A873304}.Development|Default.ActiveCfg = Development
		{3427A93F-B74F-43B3-B905-A8F67A873304}.Development|Default.Build.0 = Development
	EndGlobalSection
	GlobalSection(SolutionProperties) = preSolution
		HideSolutionNode = FALSE
	EndGlobalSection
	GlobalSection(ExtensibilityGlobals) = postSolution
		SolutionGuid = {16142D53-8875-4585-B6AF-562B8583D375}
	EndGlobalSection
EndGlobal
